
Microsoft Visual Studio Solution File, Format Version 12.00
# Visual Studio Version 16
VisualStudioVersion = 16.0.30413.136
MinimumVisualStudioVersion = 10.0.40219.1
Project("{FAE04EC0-301F-11D3-BF4B-00C04F79EFBC}") = "OdeToFood.Web", "OdeToFood.Web\OdeToFood.Web.csproj", "{77671E16-BD6C-4CC7-AFC5-8DF0BB88B7D2}"
EndProject
Project("{FAE04EC0-301F-11D3-BF4B-00C04F79EFBC}") = "OdeToFood.Data", "OdeToFood.Data\OdeToFood.Data.csproj", "{4A05DEDA-617A-4B30-9F30-784B7BD2DDAD}"
EndProject
Global
	GlobalSection(SolutionConfigurationPlatforms) = preSolution
		Debug|Any CPU = Debug|Any CPU
		Release|Any CPU = Release|Any CPU
	EndGlobalSection
	GlobalSection(ProjectConfigurationPlatforms) = postSolution
		{77671E16-BD6C-4CC7-AFC5-8DF0BB88B7D2}.Debug|Any CPU.ActiveCfg = Debug|Any CPU
		{77671E16-BD6C-4CC7-AFC5-8DF0BB88B7D2}.Debug|Any CPU.Build.0 = Debug|Any CPU
		{77671E16-BD6C-4CC7-AFC5-8DF0BB88B7D2}.Release|Any CPU.ActiveCfg = Release|Any CPU
		{77671E16-BD6C-4CC7-AFC5-8DF0BB88B7D2}.Release|Any CPU.Build.0 = Release|Any CPU
		{4A05DEDA-617A-4B30-9F30-784B7BD2DDAD}.Debug|Any CPU.ActiveCfg = Debug|Any CPU
		{4A05DEDA-617A-4B30-9F30-784B7BD2DDAD}.Debug|Any CPU.Build.0 = Debug|Any CPU
		{4A05DEDA-617A-4B30-9F30-784B7BD2DDAD}.Release|Any CPU.ActiveCfg = Release|Any CPU
		{4A05DEDA-617A-4B30-9F30-784B7BD2DDAD}.Release|Any CPU.Build.0 = Release|Any CPU
	EndGlobalSection
	GlobalSection(SolutionProperties) = preSolution
		HideSolutionNode = FALSE
	EndGlobalSection
	GlobalSection(ExtensibilityGlobals) = postSolution
		SolutionGuid = {B0C11938-802A-41D0-8A90-AF1B17565B45}
	EndGlobalSection
EndGlobal
